
Microsoft Visual Studio Solution File, Format Version 12.00
# Visual Studio Version 17
VisualStudioVersion = 17.13.35913.81 d17.13
MinimumVisualStudioVersion = 10.0.40219.1
Project("{FAE04EC0-301F-11D3-BF4B-00C04F79EFBC}") = "EmailService", "EmailService\EmailService.csproj", "{99EF7CF8-7E44-4815-9A38-35822E8FEC70}"
EndProject
Global
	GlobalSection(SolutionConfigurationPlatforms) = preSolution
		Debug|Any CPU = Debug|Any CPU
		Release|Any CPU = Release|Any CPU
	EndGlobalSection
	GlobalSection(ProjectConfigurationPlatforms) = postSolution
		{99EF7CF8-7E44-4815-9A38-35822E8FEC70}.Debug|Any CPU.ActiveCfg = Debug|Any CPU
		{99EF7CF8-7E44-4815-9A38-35822E8FEC70}.Debug|Any CPU.Build.0 = Debug|Any CPU
		{99EF7CF8-7E44-4815-9A38-35822E8FEC70}.Release|Any CPU.ActiveCfg = Release|Any CPU
		{99EF7CF8-7E44-4815-9A38-35822E8FEC70}.Release|Any CPU.Build.0 = Release|Any CPU
	EndGlobalSection
	GlobalSection(SolutionProperties) = preSolution
		HideSolutionNode = FALSE
	EndGlobalSection
	GlobalSection(ExtensibilityGlobals) = postSolution
		SolutionGuid = {B5A20181-EF47-41B5-92F0-9E2A212265F0}
	EndGlobalSection
EndGlobal
